
Microsoft Visual Studio Solution File, Format Version 12.00
# Visual Studio Version 17
VisualStudioVersion = 17.0.31903.59
MinimumVisualStudioVersion = 10.0.40219.1
Project("{FAE04EC0-301F-11D3-BF4B-00C04F79EFBC}") = "EventLogger", "EventLogger\EventLogger.csproj", "{C9EC3142-0C5F-4B2F-8D71-32B359813A45}"
EndProject
Global
	GlobalSection(SolutionConfigurationPlatforms) = preSolution
		Debug|Any CPU = Debug|Any CPU
		Release|Any CPU = Release|Any CPU
	EndGlobalSection
	GlobalSection(ProjectConfigurationPlatforms) = postSolution
		{C9EC3142-0C5F-4B2F-8D71-32B359813A45}.Debug|Any CPU.ActiveCfg = Debug|Any CPU
		{C9EC3142-0C5F-4B2F-8D71-32B359813A45}.Debug|Any CPU.Build.0 = Debug|Any CPU
		{C9EC3142-0C5F-4B2F-8D71-32B359813A45}.Release|Any CPU.ActiveCfg = Release|Any CPU
		{C9EC3142-0C5F-4B2F-8D71-32B359813A45}.Release|Any CPU.Build.0 = Release|Any CPU
	EndGlobalSection
	GlobalSection(SolutionProperties) = preSolution
		HideSolutionNode = FALSE
	EndGlobalSection
	GlobalSection(ExtensibilityGlobals) = postSolution
		SolutionGuid = {E1D18CD6-0A79-4008-8886-FB0C43593284}
	EndGlobalSection
EndGlobal
